
Microsoft Visual Studio Solution File, Format Version 12.00
# Visual Studio 15
Project("{FAE04EC0-301F-11D3-BF4B-00C04F79EFBC}") = "S64.WhichDotNet", "S64.WhichDotNet\S64.WhichDotNet.csproj", "{4C811422-67EF-47E1-8EC9-02DE7ED1558B}"
EndProject
Project("{FAE04EC0-301F-11D3-BF4B-00C04F79EFBC}") = "S64.WhichDotNet.Core", "S64.WhichDotNet.Core\S64.WhichDotNet.Core.csproj", "{54E71BB9-0C78-401E-89BB-552845FF536B}"
EndProject
Project("{FAE04EC0-301F-11D3-BF4B-00C04F79EFBC}") = "S64.WhichDotNet.WinExt", "S64.WhichDotNet.WinExt\S64.WhichDotNet.WinExt.csproj", "{697F18F1-C83C-45C5-99BD-56C389A39F9B}"
EndProject
Global
	GlobalSection(SolutionConfigurationPlatforms) = preSolution
		Debug|Any CPU = Debug|Any CPU
		Release|Any CPU = Release|Any CPU
	EndGlobalSection
	GlobalSection(ProjectConfigurationPlatforms) = postSolution
		{4C811422-67EF-47E1-8EC9-02DE7ED1558B}.Debug|Any CPU.ActiveCfg = Debug|Any CPU
		{4C811422-67EF-47E1-8EC9-02DE7ED1558B}.Debug|Any CPU.Build.0 = Debug|Any CPU
		{4C811422-67EF-47E1-8EC9-02DE7ED1558B}.Release|Any CPU.ActiveCfg = Release|Any CPU
		{4C811422-67EF-47E1-8EC9-02DE7ED1558B}.Release|Any CPU.Build.0 = Release|Any CPU
		{54E71BB9-0C78-401E-89BB-552845FF536B}.Debug|Any CPU.ActiveCfg = Debug|Any CPU
		{54E71BB9-0C78-401E-89BB-552845FF536B}.Debug|Any CPU.Build.0 = Debug|Any CPU
		{54E71BB9-0C78-401E-89BB-552845FF536B}.Release|Any CPU.ActiveCfg = Release|Any CPU
		{54E71BB9-0C78-401E-89BB-552845FF536B}.Release|Any CPU.Build.0 = Release|Any CPU
		{697F18F1-C83C-45C5-99BD-56C389A39F9B}.Debug|Any CPU.ActiveCfg = Debug|Any CPU
		{697F18F1-C83C-45C5-99BD-56C389A39F9B}.Debug|Any CPU.Build.0 = Debug|Any CPU
		{697F18F1-C83C-45C5-99BD-56C389A39F9B}.Release|Any CPU.ActiveCfg = Release|Any CPU
		{697F18F1-C83C-45C5-99BD-56C389A39F9B}.Release|Any CPU.Build.0 = Release|Any CPU
	EndGlobalSection
EndGlobal
